
Microsoft Visual Studio Solution File, Format Version 12.00
# Visual Studio Version 17
VisualStudioVersion = 17.7.34031.279
MinimumVisualStudioVersion = 10.0.40219.1
Project("{FAE04EC0-301F-11D3-BF4B-00C04F79EFBC}") = "AllPrograms", "AllPrograms\AllPrograms.csproj", "{42A398BA-311B-4E07-B346-46731D2013A8}"
EndProject
Global
	GlobalSection(SolutionConfigurationPlatforms) = preSolution
		Debug|Any CPU = Debug|Any CPU
		Release|Any CPU = Release|Any CPU
	EndGlobalSection
	GlobalSection(ProjectConfigurationPlatforms) = postSolution
		{42A398BA-311B-4E07-B346-46731D2013A8}.Debug|Any CPU.ActiveCfg = Debug|Any CPU
		{42A398BA-311B-4E07-B346-46731D2013A8}.Debug|Any CPU.Build.0 = Debug|Any CPU
		{42A398BA-311B-4E07-B346-46731D2013A8}.Release|Any CPU.ActiveCfg = Release|Any CPU
		{42A398BA-311B-4E07-B346-46731D2013A8}.Release|Any CPU.Build.0 = Release|Any CPU
	EndGlobalSection
	GlobalSection(SolutionProperties) = preSolution
		HideSolutionNode = FALSE
	EndGlobalSection
	GlobalSection(ExtensibilityGlobals) = postSolution
		SolutionGuid = {441FDAD9-FFA4-4305-814E-10D1F3FE027E}
	EndGlobalSection
EndGlobal
